{
  "name": "simple-chat-app",
  "version": "1.0.0",
  "lockfileVersion": 3,
  "requires": true,
  "packages": {
    "": {
      "name": "simple-chat-app",
      "version": "1.0.0",
      "license": "ISC",
      "dependencies": {
        "@tknkaa/gemmit": "^1.0.3"
      },
      "devDependencies": {
        "prettier": "^3.4.1"
      }
    },
    "node_modules/@tknkaa/gemmit": {
      "version": "1.0.3",
      "resolved": "https://registry.npmjs.org/@tknkaa/gemmit/-/gemmit-1.0.3.tgz",
      "integrity": "sha512-xL0PdMcL+AWylrXcFi47Dc36WXBMD8CgaLcgHXYG7YF13QfhD5nft9g13nw4WTd6/Gys6PVY3HHMrlyiIac9wQ==",
      "bin": {
        "gemmit": "gemmit"
      }
    },
    "node_modules/prettier": {
      "version": "3.4.1",
      "resolved": "https://registry.npmjs.org/prettier/-/prettier-3.4.1.tgz",
      "integrity": "sha512-G+YdqtITVZmOJje6QkXQWzl3fSfMxFwm1tjTyo9exhkmWSqC4Yhd1+lug++IlR2mvRVAxEDDWYkQdeSztajqgg==",
      "dev": true,
      "license": "MIT",
      "bin": {
        "prettier": "bin/prettier.cjs"
      },
      "engines": {
        "node": ">=14"
      },
      "funding": {
        "url": "https://github.com/prettier/prettier?sponsor=1"
      }
    }
  }
}
